
Microsoft Visual Studio Solution File, Format Version 12.00
# Visual Studio Version 16
VisualStudioVersion = 16.0.31624.102
MinimumVisualStudioVersion = 10.0.40219.1
Project("{FAE04EC0-301F-11D3-BF4B-00C04F79EFBC}") = "Menu", "Menu\Menu.csproj", "{9A8C53F3-3B01-4714-9FF8-117332C364F8}"
EndProject
Project("{FAE04EC0-301F-11D3-BF4B-00C04F79EFBC}") = "MenuTest", "MenuTest\MenuTest.csproj", "{864E9E2D-A57B-4435-A29A-56B7658185FF}"
EndProject
Global
	GlobalSection(SolutionConfigurationPlatforms) = preSolution
		Debug|Any CPU = Debug|Any CPU
		Release|Any CPU = Release|Any CPU
	EndGlobalSection
	GlobalSection(ProjectConfigurationPlatforms) = postSolution
		{9A8C53F3-3B01-4714-9FF8-117332C364F8}.Debug|Any CPU.ActiveCfg = Debug|Any CPU
		{9A8C53F3-3B01-4714-9FF8-117332C364F8}.Debug|Any CPU.Build.0 = Debug|Any CPU
		{9A8C53F3-3B01-4714-9FF8-117332C364F8}.Release|Any CPU.ActiveCfg = Release|Any CPU
		{9A8C53F3-3B01-4714-9FF8-117332C364F8}.Release|Any CPU.Build.0 = Release|Any CPU
		{864E9E2D-A57B-4435-A29A-56B7658185FF}.Debug|Any CPU.ActiveCfg = Debug|Any CPU
		{864E9E2D-A57B-4435-A29A-56B7658185FF}.Debug|Any CPU.Build.0 = Debug|Any CPU
		{864E9E2D-A57B-4435-A29A-56B7658185FF}.Release|Any CPU.ActiveCfg = Release|Any CPU
		{864E9E2D-A57B-4435-A29A-56B7658185FF}.Release|Any CPU.Build.0 = Release|Any CPU
	EndGlobalSection
	GlobalSection(SolutionProperties) = preSolution
		HideSolutionNode = FALSE
	EndGlobalSection
	GlobalSection(ExtensibilityGlobals) = postSolution
		SolutionGuid = {5B892DFE-7E05-46D7-ABE6-07045067FAD3}
	EndGlobalSection
EndGlobal
